// !$*UTF8*$!
{
	archiveVersion = 1;
	classes = {
	};
	objectVersion = 55;
	objects = {

/* Begin PBXBuildFile section */
		BDA43CF72866443600634DE2 /* AppDelegate.swift in Sources */ = {isa = PBXBuildFile; fileRef = BDA43CF62866443600634DE2 /* AppDelegate.swift */; };
		BDA43CF92866443600634DE2 /* SceneDelegate.swift in Sources */ = {isa = PBXBuildFile; fileRef = BDA43CF82866443600634DE2 /* SceneDelegate.swift */; };
		BDA43CFE2866443600634DE2 /* Main.storyboard in Resources */ = {isa = PBXBuildFile; fileRef = BDA43CFC2866443600634DE2 /* Main.storyboard */; };
		BDA43D012866443600634DE2 /* to_do.xcdatamodeld in Sources */ = {isa = PBXBuildFile; fileRef = BDA43CFF2866443600634DE2 /* to_do.xcdatamodeld */; };
		BDA43D032866443800634DE2 /* Assets.xcassets in Resources */ = {isa = PBXBuildFile; fileRef = BDA43D022866443800634DE2 /* Assets.xcassets */; };
		BDA43D062866443800634DE2 /* LaunchScreen.storyboard in Resources */ = {isa = PBXBuildFile; fileRef = BDA43D042866443800634DE2 /* LaunchScreen.storyboard */; };
		BDA43D0E2866460900634DE2 /* ToDoTableTableViewController.swift in Sources */ = {isa = PBXBuildFile; fileRef = BDA43D0D2866460900634DE2 /* ToDoTableTableViewController.swift */; };
		BDA43D102866464400634DE2 /* ToDo.swift in Sources */ = {isa = PBXBuildFile; fileRef = BDA43D0F2866464400634DE2 /* ToDo.swift */; };
		BDA43D1228664C6A00634DE2 /* AddToDoViewController.swift in Sources */ = {isa = PBXBuildFile; fileRef = BDA43D1128664C6A00634DE2 /* AddToDoViewController.swift */; };
		BDA43D14286A013C00634DE2 /* CompleteToDoViewController.swift in Sources */ = {isa = PBXBuildFile; fileRef = BDA43D13286A013C00634DE2 /* CompleteToDoViewController.swift */; };
/* End PBXBuildFile section */

/* Begin PBXFileReference section */
		BDA43CF32866443600634DE2 /* to do.app */ = {isa = PBXFileReference; explicitFileType = wrapper.application; includeInIndex = 0; path = "to do.app"; sourceTree = BUILT_PRODUCTS_DIR; };
		BDA43CF62866443600634DE2 /* AppDelegate.swift */ = {isa = PBXFileReference; lastKnownFileType = sourcecode.swift; path = AppDelegate.swift; sourceTree = "<group>"; };
		BDA43CF82866443600634DE2 /* SceneDelegate.swift */ = {isa = PBXFileReference; lastKnownFileType = sourcecode.swift; path = SceneDelegate.swift; sourceTree = "<group>"; };
		BDA43CFD2866443600634DE2 /* Base */ = {isa = PBXFileReference; lastKnownFileType = file.storyboard; name = Base; path = Base.lproj/Main.storyboard; sourceTree = "<group>"; };
		BDA43D002866443600634DE2 /* to_do.xcdatamodel */ = {isa = PBXFileReference; lastKnownFileType = wrapper.xcdatamodel; path = to_do.xcdatamodel; sourceTree = "<group>"; };
		BDA43D022866443800634DE2 /* Assets.xcassets */ = {isa = PBXFileReference; lastKnownFileType = folder.assetcatalog; path = Assets.xcassets; sourceTree = "<group>"; };
		BDA43D052866443800634DE2 /* Base */ = {isa = PBXFileReference; lastKnownFileType = file.storyboard; name = Base; path = Base.lproj/LaunchScreen.storyboard; sourceTree = "<group>"; };
		BDA43D072866443800634DE2 /* Info.plist */ = {isa = PBXFileReference; lastKnownFileType = text.plist.xml; path = Info.plist; sourceTree = "<group>"; };
		BDA43D0D2866460900634DE2 /* ToDoTableTableViewController.swift */ = {isa = PBXFileReference; lastKnownFileType = sourcecode.swift; path = ToDoTableTableViewController.swift; sourceTree = "<group>"; };
		BDA43D0F2866464400634DE2 /* ToDo.swift */ = {isa = PBXFileReference; lastKnownFileType = sourcecode.swift; path = ToDo.swift; sourceTree = "<group>"; };
		BDA43D1128664C6A00634DE2 /* AddToDoViewController.swift */ = {isa = PBXFileReference; lastKnownFileType = sourcecode.swift; path = AddToDoViewController.swift; sourceTree = "<group>"; };
		BDA43D13286A013C00634DE2 /* CompleteToDoViewController.swift */ = {isa = PBXFileReference; lastKnownFileType = sourcecode.swift; path = CompleteToDoViewController.swift; sourceTree = "<group>"; };
/* End PBXFileReference section */

/* Begin PBXFrameworksBuildPhase section */
		BDA43CF02866443600634DE2 /* Frameworks */ = {
			isa = PBXFrameworksBuildPhase;
			buildActionMask = 2147483647;
			files = (
			);
			runOnlyForDeploymentPostprocessing = 0;
		};
/* End PBXFrameworksBuildPhase section */

/* Begin PBXGroup section */
		BDA43CEA2866443600634DE2 = {
			isa = PBXGroup;
			children = (
				BDA43CF52866443600634DE2 /* to do */,
				BDA43CF42866443600634DE2 /* Products */,
			);
			sourceTree = "<group>";
		};
		BDA43CF42866443600634DE2 /* Products */ = {
			isa = PBXGroup;
			children = (
				BDA43CF32866443600634DE2 /* to do.app */,
			);
			name = Products;
			sourceTree = "<group>";
		};
		BDA43CF52866443600634DE2 /* to do */ = {
			isa = PBXGroup;
			children = (
				BDA43CF62866443600634DE2 /* AppDelegate.swift */,
				BDA43CF82866443600634DE2 /* SceneDelegate.swift */,
				BDA43CFC2866443600634DE2 /* Main.storyboard */,
				BDA43D0F2866464400634DE2 /* ToDo.swift */,
				BDA43D0D2866460900634DE2 /* ToDoTableTableViewController.swift */,
				BDA43D1128664C6A00634DE2 /* AddToDoViewController.swift */,
				BDA43D13286A013C00634DE2 /* CompleteToDoViewController.swift */,
				BDA43D022866443800634DE2 /* Assets.xcassets */,
				BDA43D042866443800634DE2 /* LaunchScreen.storyboard */,
				BDA43D072866443800634DE2 /* Info.plist */,
				BDA43CFF2866443600634DE2 /* to_do.xcdatamodeld */,
			);
			path = "to do";
			sourceTree = "<group>";
		};
/* End PBXGroup section */

/* Begin PBXNativeTarget section */
		BDA43CF22866443600634DE2 /* to do */ = {
			isa = PBXNativeTarget;
			buildConfigurationList = BDA43D0A2866443800634DE2 /* Build configuration list for PBXNativeTarget "to do" */;
			buildPhases = (
				BDA43CEF2866443600634DE2 /* Sources */,
				BDA43CF02866443600634DE2 /* Frameworks */,
				BDA43CF12866443600634DE2 /* Resources */,
			);
			buildRules = (
			);
			dependencies = (
			);
			name = "to do";
			productName = "to do";
			productReference = BDA43CF32866443600634DE2 /* to do.app */;
			productType = "com.apple.product-type.application";
		};
/* End PBXNativeTarget section */

/* Begin PBXProject section */
		BDA43CEB2866443600634DE2 /* Project object */ = {
			isa = PBXProject;
			attributes = {
				BuildIndependentTargetsInParallel = 1;
				LastSwiftUpdateCheck = 1340;
				LastUpgradeCheck = 1340;
				TargetAttributes = {
					BDA43CF22866443600634DE2 = {
						CreatedOnToolsVersion = 13.4.1;
					};
				};
			};
			buildConfigurationList = BDA43CEE2866443600634DE2 /* Build configuration list for PBXProject "to do" */;
			compatibilityVersion = "Xcode 13.0";
			developmentRegion = en;
			hasScannedForEncodings = 0;
			knownRegions = (
				en,
				Base,
			);
			mainGroup = BDA43CEA2866443600634DE2;
			productRefGroup = BDA43CF42866443600634DE2 /* Products */;
			projectDirPath = "";
			projectRoot = "";
			targets = (
				BDA43CF22866443600634DE2 /* to do */,
			);
		};
/* End PBXProject section */

/* Begin PBXResourcesBuildPhase section */
		BDA43CF12866443600634DE2 /* Resources */ = {
			isa = PBXResourcesBuildPhase;
			buildActionMask = 2147483647;
			files = (
				BDA43D062866443800634DE2 /* LaunchScreen.storyboard in Resources */,
				BDA43D032866443800634DE2 /* Assets.xcassets in Resources */,
				BDA43CFE2866443600634DE2 /* Main.storyboard in Resources */,
			);
			runOnlyForDeploymentPostprocessing = 0;
		};
/* End PBXResourcesBuildPhase section */

/* Begin PBXSourcesBuildPhase section */
		BDA43CEF2866443600634DE2 /* Sources */ = {
			isa = PBXSourcesBuildPhase;
			buildActionMask = 2147483647;
			files = (
				BDA43CF72866443600634DE2 /* AppDelegate.swift in Sources */,
				BDA43D102866464400634DE2 /* ToDo.swift in Sources */,
				BDA43CF92866443600634DE2 /* SceneDelegate.swift in Sources */,
				BDA43D14286A013C00634DE2 /* CompleteToDoViewController.swift in Sources */,
				BDA43D0E2866460900634DE2 /* ToDoTableTableViewController.swift in Sources */,
				BDA43D1228664C6A00634DE2 /* AddToDoViewController.swift in Sources */,
				BDA43D012866443600634DE2 /* to_do.xcdatamodeld in Sources */,
			);
			runOnlyForDeploymentPostprocessing = 0;
		};
/* End PBXSourcesBuildPhase section */

/* Begin PBXVariantGroup section */
		BDA43CFC2866443600634DE2 /* Main.storyboard */ = {
			isa = PBXVariantGroup;
			children = (
				BDA43CFD2866443600634DE2 /* Base */,
			);
			name = Main.storyboard;
			sourceTree = "<group>";
		};
		BDA43D042866443800634DE2 /* LaunchScreen.storyboard */ = {
			isa = PBXVariantGroup;
			children = (
				BDA43D052866443800634DE2 /* Base */,
			);
			name = LaunchScreen.storyboard;
			sourceTree = "<group>";
		};
/* End PBXVariantGroup section */

/* Begin XCBuildConfiguration section */
		BDA43D082866443800634DE2 /* Debug */ = {
			isa = XCBuildConfiguration;
			buildSettings = {
				ALWAYS_SEARCH_USER_PATHS = NO;
				CLANG_ANALYZER_NONNULL = YES;
				CLANG_ANALYZER_NUMBER_OBJECT_CONVERSION = YES_AGGRESSIVE;
				CLANG_CXX_LANGUAGE_STANDARD = "gnu++17";
				CLANG_ENABLE_MODULES = YES;
				CLANG_ENABLE_OBJC_ARC = YES;
				CLANG_ENABLE_OBJC_WEAK = YES;
				CLANG_WARN_BLOCK_CAPTURE_AUTORELEASING = YES;
				CLANG_WARN_BOOL_CONVERSION = YES;
				CLANG_WARN_COMMA = YES;
				CLANG_WARN_CONSTANT_CONVERSION = YES;
				CLANG_WARN_DEPRECATED_OBJC_IMPLEMENTATIONS = YES;
				CLANG_WARN_DIRECT_OBJC_ISA_USAGE = YES_ERROR;
				CLANG_WARN_DOCUMENTATION_COMMENTS = YES;
				CLANG_WARN_EMPTY_BODY = YES;
				CLANG_WARN_ENUM_CONVERSION = YES;
				CLANG_WARN_INFINITE_RECURSION = YES;
				CLANG_WARN_INT_CONVERSION = YES;
				CLANG_WARN_NON_LITERAL_NULL_CONVERSION = YES;
				CLANG_WARN_OBJC_IMPLICIT_RETAIN_SELF = YES;
				CLANG_WARN_OBJC_LITERAL_CONVERSION = YES;
				CLANG_WARN_OBJC_ROOT_CLASS = YES_ERROR;
				CLANG_WARN_QUOTED_INCLUDE_IN_FRAMEWORK_HEADER = YES;
				CLANG_WARN_RANGE_LOOP_ANALYSIS = YES;
				CLANG_WARN_STRICT_PROTOTYPES = YES;
				CLANG_WARN_SUSPICIOUS_MOVE = YES;
				CLANG_WARN_UNGUARDED_AVAILABILITY = YES_AGGRESSIVE;
				CLANG_WARN_UNREACHABLE_CODE = YES;
				CLANG_WARN__DUPLICATE_METHOD_MATCH = YES;
				COPY_PHASE_STRIP = NO;
				DEBUG_INFORMATION_FORMAT = dwarf;
				ENABLE_STRICT_OBJC_MSGSEND = YES;
				ENABLE_TESTABILITY = YES;
				GCC_C_LANGUAGE_STANDARD = gnu11;
				GCC_DYNAMIC_NO_PIC = NO;
				GCC_NO_COMMON_BLOCKS = YES;
				GCC_OPTIMIZATION_LEVEL = 0;
				GCC_PREPROCESSOR_DEFINITIONS = (
					"DEBUG=1",
					"$(inherited)",
				);
				GCC_WARN_64_TO_32_BIT_CONVERSION = YES;
				GCC_WARN_ABOUT_RETURN_TYPE = YES_ERROR;
				GCC_WARN_UNDECLARED_SELECTOR = YES;
				GCC_WARN_UNINITIALIZED_AUTOS = YES_AGGRESSIVE;
				GCC_WARN_UNUSED_FUNCTION = YES;
				GCC_WARN_UNUSED_VARIABLE = YES;
				IPHONEOS_DEPLOYMENT_TARGET = 15.5;
				MTL_ENABLE_DEBUG_INFO = INCLUDE_SOURCE;
				MTL_FAST_MATH = YES;
				ONLY_ACTIVE_ARCH = YES;
				SDKROOT = iphoneos;
				SWIFT_ACTIVE_COMPILATION_CONDITIONS = DEBUG;
				SWIFT_OPTIMIZATION_LEVEL = "-Onone";
			};
			name = Debug;
		};
		BDA43D092866443800634DE2 /* Release */ = {
			isa = XCBuildConfiguration;
			buildSettings = {
				ALWAYS_SEARCH_USER_PATHS = NO;
				CLANG_ANALYZER_NONNULL = YES;
				CLANG_ANALYZER_NUMBER_OBJECT_CONVERSION = YES_AGGRESSIVE;
				CLANG_CXX_LANGUAGE_STANDARD = "gnu++17";
				CLANG_ENABLE_MODULES = YES;
				CLANG_ENABLE_OBJC_ARC = YES;
				CLANG_ENABLE_OBJC_WEAK = YES;
				CLANG_WARN_BLOCK_CAPTURE_AUTORELEASING = YES;
				CLANG_WARN_BOOL_CONVERSION = YES;
				CLANG_WARN_COMMA = YES;
				CLANG_WARN_CONSTANT_CONVERSION = YES;
				CLANG_WARN_DEPRECATED_OBJC_IMPLEMENTATIONS = YES;
				CLANG_WARN_DIRECT_OBJC_ISA_USAGE = YES_ERROR;
				CLANG_WARN_DOCUMENTATION_COMMENTS = YES;
				CLANG_WARN_EMPTY_BODY = YES;
				CLANG_WARN_ENUM_CONVERSION = YES;
				CLANG_WARN_INFINITE_RECURSION = YES;
				CLANG_WARN_INT_CONVERSION = YES;
				CLANG_WARN_NON_LITERAL_NULL_CONVERSION = YES;
				CLANG_WARN_OBJC_IMPLICIT_RETAIN_SELF = YES;
				CLANG_WARN_OBJC_LITERAL_CONVERSION = YES;
				CLANG_WARN_OBJC_ROOT_CLASS = YES_ERROR;
				CLANG_WARN_QUOTED_INCLUDE_IN_FRAMEWORK_HEADER = YES;
				CLANG_WARN_RANGE_LOOP_ANALYSIS = YES;
				CLANG_WARN_STRICT_PROTOTYPES = YES;
				CLANG_WARN_SUSPICIOUS_MOVE = YES;
				CLANG_WARN_UNGUARDED_AVAILABILITY = YES_AGGRESSIVE;
				CLANG_WARN_UNREACHABLE_CODE = YES;
				CLANG_WARN__DUPLICATE_METHOD_MATCH = YES;
				COPY_PHASE_STRIP = NO;
				DEBUG_INFORMATION_FORMAT = "dwarf-with-dsym";
				ENABLE_NS_ASSERTIONS = NO;
				ENABLE_STRICT_OBJC_MSGSEND = YES;
				GCC_C_LANGUAGE_STANDARD = gnu11;
				GCC_NO_COMMON_BLOCKS = YES;
				GCC_WARN_64_TO_32_BIT_CONVERSION = YES;
				GCC_WARN_ABOUT_RETURN_TYPE = YES_ERROR;
				GCC_WARN_UNDECLARED_SELECTOR = YES;
				GCC_WARN_UNINITIALIZED_AUTOS = YES_AGGRESSIVE;
				GCC_WARN_UNUSED_FUNCTION = YES;
				GCC_WARN_UNUSED_VARIABLE = YES;
				IPHONEOS_DEPLOYMENT_TARGET = 15.5;
				MTL_ENABLE_DEBUG_INFO = NO;
				MTL_FAST_MATH = YES;
				SDKROOT = iphoneos;
				SWIFT_COMPILATION_MODE = wholemodule;
				SWIFT_OPTIMIZATION_LEVEL = "-O";
				VALIDATE_PRODUCT = YES;
			};
			name = Release;
		};
		BDA43D0B2866443800634DE2 /* Debug */ = {
			isa = XCBuildConfiguration;
			buildSettings = {
				ASSETCATALOG_COMPILER_APPICON_NAME = AppIcon;
				ASSETCATALOG_COMPILER_GLOBAL_ACCENT_COLOR_NAME = AccentColor;
				CODE_SIGN_STYLE = Automatic;
				CURRENT_PROJECT_VERSION = 1;
				DEVELOPMENT_TEAM = D8WP85S6AX;
				GENERATE_INFOPLIST_FILE = YES;
				INFOPLIST_FILE = "to do/Info.plist";
				INFOPLIST_KEY_UIApplicationSupportsIndirectInputEvents = YES;
				INFOPLIST_KEY_UILaunchStoryboardName = LaunchScreen;
				INFOPLIST_KEY_UIMainStoryboardFile = Main;
				INFOPLIST_KEY_UISupportedInterfaceOrientations_iPad = "UIInterfaceOrientationPortrait UIInterfaceOrientationPortraitUpsideDown UIInterfaceOrientationLandscapeLeft UIInterfaceOrientationLandscapeRight";
				INFOPLIST_KEY_UISupportedInterfaceOrientations_iPhone = "UIInterfaceOrientationPortrait UIInterfaceOrientationLandscapeLeft UIInterfaceOrientationLandscapeRight";
				LD_RUNPATH_SEARCH_PATHS = (
					"$(inherited)",
					"@executable_path/Frameworks",
				);
				MARKETING_VERSION = 1.0;
				PRODUCT_BUNDLE_IDENTIFIER = "kwk5134.to-do";
				PRODUCT_NAME = "$(TARGET_NAME)";
				SWIFT_EMIT_LOC_STRINGS = YES;
				SWIFT_VERSION = 5.0;
				TARGETED_DEVICE_FAMILY = "1,2";
			};
			name = Debug;
		};
		BDA43D0C2866443800634DE2 /* Release */ = {
			isa = XCBuildConfiguration;
			buildSettings = {
				ASSETCATALOG_COMPILER_APPICON_NAME = AppIcon;
				ASSETCATALOG_COMPILER_GLOBAL_ACCENT_COLOR_NAME = AccentColor;
				CODE_SIGN_STYLE = Automatic;
				CURRENT_PROJECT_VERSION = 1;
				DEVELOPMENT_TEAM = D8WP85S6AX;
				GENERATE_INFOPLIST_FILE = YES;
				INFOPLIST_FILE = "to do/Info.plist";
				INFOPLIST_KEY_UIApplicationSupportsIndirectInputEvents = YES;
				INFOPLIST_KEY_UILaunchStoryboardName = LaunchScreen;
				INFOPLIST_KEY_UIMainStoryboardFile = Main;
				INFOPLIST_KEY_UISupportedInterfaceOrientations_iPad = "UIInterfaceOrientationPortrait UIInterfaceOrientationPortraitUpsideDown UIInterfaceOrientationLandscapeLeft UIInterfaceOrientationLandscapeRight";
				INFOPLIST_KEY_UISupportedInterfaceOrientations_iPhone = "UIInterfaceOrientationPortrait UIInterfaceOrientationLandscapeLeft UIInterfaceOrientationLandscapeRight";
				LD_RUNPATH_SEARCH_PATHS = (
					"$(inherited)",
					"@executable_path/Frameworks",
				);
				MARKETING_VERSION = 1.0;
				PRODUCT_BUNDLE_IDENTIFIER = "kwk5134.to-do";
				PRODUCT_NAME = "$(TARGET_NAME)";
				SWIFT_EMIT_LOC_STRINGS = YES;
				SWIFT_VERSION = 5.0;
				TARGETED_DEVICE_FAMILY = "1,2";
			};
			name = Release;
		};
/* End XCBuildConfiguration section */

/* Begin XCConfigurationList section */
		BDA43CEE2866443600634DE2 /* Build configuration list for PBXProject "to do" */ = {
			isa = XCConfigurationList;
			buildConfigurations = (
				BDA43D082866443800634DE2 /* Debug */,
				BDA43D092866443800634DE2 /* Release */,
			);
			defaultConfigurationIsVisible = 0;
			defaultConfigurationName = Release;
		};
		BDA43D0A2866443800634DE2 /* Build configuration list for PBXNativeTarget "to do" */ = {
			isa = XCConfigurationList;
			buildConfigurations = (
				BDA43D0B2866443800634DE2 /* Debug */,
				BDA43D0C2866443800634DE2 /* Release */,
			);
			defaultConfigurationIsVisible = 0;
			defaultConfigurationName = Release;
		};
/* End XCConfigurationList section */

/* Begin XCVersionGroup section */
		BDA43CFF2866443600634DE2 /* to_do.xcdatamodeld */ = {
			isa = XCVersionGroup;
			children = (
				BDA43D002866443600634DE2 /* to_do.xcdatamodel */,
			);
			currentVersion = BDA43D002866443600634DE2 /* to_do.xcdatamodel */;
			path = to_do.xcdatamodeld;
			sourceTree = "<group>";
			versionGroupType = wrapper.xcdatamodel;
		};
/* End XCVersionGroup section */
	};
	rootObject = BDA43CEB2866443600634DE2 /* Project object */;
}
